schema: '2.0'
stages:
  process_data:
    cmd: python scripts/process_data.py data/raw_data data/processed_data/dataset.pkl
    deps:
    - path: data/raw_data
      hash: md5
      md5: 1879a37ccfe89870a8e73238e331f4ac.dir
      size: 524018363
      nfiles: 6
    - path: scripts/process_data.py
      hash: md5
      md5: 1401ece579631c4e35dea6e31c6ed52c
      size: 1953
      isexec: true
    params:
      params.yaml:
        process_data.cols_to_delete:
        - product_id
        - brand_id
        - variation_type
        - variation_value
        - variation_desc
        - author_id
        - submission_time
        - skin_tone
        - eye_color
        - skin_type
        - hair_color
        - product_id
        - 'Unnamed: 0'
        process_data.cols_to_fix:
        - total_feedback_count
        - total_pos_feedback_count
        process_data.review_text_column: review_text
    outs:
    - path: data/processed_data/dataset.pkl
      hash: md5
      md5: ef1694875461e8eac534d92fe25d57b5
      size: 624919680
  split_data:
    cmd: python scripts/split_data.py data/preprocessed_data/preprocessed_dataset.pkl
      data/train_test_data
    deps:
    - path: data/preprocessed_data/preprocessed_dataset.pkl
      hash: md5
      md5: 29589c31bba9f39bab5f774343119099
      size: 415065133
    - path: scripts/split_data.py
      hash: md5
      md5: c735dfadc84760d669341093a005b71d
      size: 1179
      isexec: true
    params:
      params.yaml:
        split_data.label_column: LABEL-rating
        split_data.stratify: true
        split_data.test_size: 0.15
    outs:
    - path: data/train_test_data/test.pkl
      hash: md5
      md5: 21952518d8cb522cd796c4645a5d1dab
      size: 62388548
    - path: data/train_test_data/train.pkl
      hash: md5
      md5: ed8b0518eb65ab6827a72f49fda10f54
      size: 352826825
  eval_model:
    cmd: python scripts/eval_model.py data/train_test_data metrics.json
    deps:
    - path: data/train_test_data/test.pkl
      hash: md5
      md5: 21952518d8cb522cd796c4645a5d1dab
      size: 62388548
    - path: data/train_test_data/train.pkl
      hash: md5
      md5: ed8b0518eb65ab6827a72f49fda10f54
      size: 352826825
    - path: scripts/eval_model.py
      hash: md5
      md5: 02f54bfad490c26bd8f738f70da165e2
      size: 3642
      isexec: true
    params:
      params.yaml:
        features.categorical:
        - limited_edition
        - new
        - online_only
        - out_of_stock
        - sephora_exclusive
        - contains_refund
        - product_name
        - brand_name
        - primary_category
        - secondary_category
        features.dim_red_method: svd
        features.dim_reduction: false
        features.highlights: highlights
        features.n_components: 145
        features.numerical:
        - total_feedback_count
        - helpfulness
        - total_neg_feedback_count
        - total_pos_feedback_count
        - price_usd
        - loves_count
        - rating
        - reviews
        - child_count
        - review_length
        - exclamation_count
        - unique_word_count
        features.selected:
        - limited_edition
        - online_only
        - out_of_stock
        - sephora_exclusive
        - contains_refund
        - product_name
        - brand_name
        - primary_category
        - secondary_category
        - helpfulness
        - price_usd
        - loves_count
        - rating
        - reviews
        - review_length
        - exclamation_count
        - review_text
        - review_title
        - highlights
        - LABEL-rating
        features.text:
        - review_text
        - review_title
    outs:
    - path: metrics.json
      hash: md5
      md5: f37cbb0d69b84e4ffa09498ce0ee257e
      size: 627
  execute_notebook:
    cmd: papermill notebooks/Lab4.ipynb data/notebooks/Lab4.ipynb
    deps:
    - path: data/processed_data/dataset.pkl
      hash: md5
      md5: ef1694875461e8eac534d92fe25d57b5
      size: 624919680
    - path: notebooks/Lab4.ipynb
      hash: md5
      md5: 888aa9c4e8c9f94683cd8673966b6ac5
      size: 17061
      isexec: true
    outs:
    - path: data/notebooks/Lab4.ipynb
      hash: md5
      md5: 458651d6585b98cb9ef671de5d26744c
      size: 736615
  preprocess_data:
    cmd: python scripts/preprocess_data.py data/processed_data/dataset.pkl data/preprocessed_data/preprocessed_dataset.pkl
    deps:
    - path: data/processed_data/dataset.pkl
      hash: md5
      md5: ef1694875461e8eac534d92fe25d57b5
      size: 624919680
    - path: scripts/preprocess_data.py
      hash: md5
      md5: 4e40563cabb572b9542eacc8ac0c1697
      size: 3535
      isexec: true
    params:
      params.yaml:
        preprocess_data.cols_to_delete:
        - value_price_usd
        - sale_price_usd
        - child_max_price
        - child_min_price
        - tertiary_category
        - size
        - ingredients
    outs:
    - path: data/preprocessed_data/preprocessed_dataset.pkl
      hash: md5
      md5: 29589c31bba9f39bab5f774343119099
      size: 415065133
  execute_eda:
    cmd: papermill notebooks/Lab4.ipynb data/notebooks/Lab4.ipynb
    deps:
    - path: data/processed_data/dataset.pkl
      hash: md5
      md5: ef1694875461e8eac534d92fe25d57b5
      size: 624919680
    - path: notebooks/Lab4.ipynb
      hash: md5
      md5: 888aa9c4e8c9f94683cd8673966b6ac5
      size: 17061
      isexec: true
    outs:
    - path: data/notebooks/Lab4.ipynb
      hash: md5
      md5: 4279db515d88eb7a11ecac95cb27b3b7
      size: 736697
  execute_search:
    cmd: papermill notebooks/Lab6.1.ipynb data/notebooks/Lab6.1.ipynb
    deps:
    - path: data/train_test_data/test.pkl
      hash: md5
      md5: 21952518d8cb522cd796c4645a5d1dab
      size: 62388548
    - path: data/train_test_data/train.pkl
      hash: md5
      md5: ed8b0518eb65ab6827a72f49fda10f54
      size: 352826825
    - path: notebooks/Lab6.1.ipynb
      hash: md5
      md5: de43391222c633de1acc0237aeab5c5e
      size: 19038
      isexec: true
    outs:
    - path: data/notebooks/Lab6.1.ipynb
      hash: md5
      md5: 10c6781b245fabde6d7d55c783f40512
      size: 208707
  eval_hyperparameters:
    cmd: papermill notebooks/Lab6.1.ipynb data/notebooks/Lab6.1.ipynb
    deps:
    - path: data/train_test_data/test.pkl
      hash: md5
      md5: 21952518d8cb522cd796c4645a5d1dab
      size: 62388548
    - path: data/train_test_data/train.pkl
      hash: md5
      md5: ed8b0518eb65ab6827a72f49fda10f54
      size: 352826825
    - path: notebooks/Lab6.1.ipynb
      hash: md5
      md5: aceee9215f6c2faac74e6ca5d9fb9155
      size: 22526
      isexec: true
    params:
      params.yaml:
        features.categorical:
        - limited_edition
        - new
        - online_only
        - out_of_stock
        - sephora_exclusive
        - contains_refund
        - product_name
        - brand_name
        - primary_category
        - secondary_category
        features.dim_red_method: svd
        features.dim_reduction: false
        features.highlights: highlights
        features.n_components: 145
        features.numerical:
        - total_feedback_count
        - helpfulness
        - total_neg_feedback_count
        - total_pos_feedback_count
        - price_usd
        - loves_count
        - rating
        - reviews
        - child_count
        - review_length
        - exclamation_count
        - unique_word_count
        features.selected:
        - limited_edition
        - online_only
        - out_of_stock
        - sephora_exclusive
        - contains_refund
        - product_name
        - brand_name
        - primary_category
        - secondary_category
        - helpfulness
        - price_usd
        - loves_count
        - rating
        - reviews
        - review_length
        - exclamation_count
        - review_text
        - review_title
        - highlights
        - LABEL-rating
        features.text:
        - review_text
        - review_title
    outs:
    - path: data/models/best_params.json
      hash: md5
      md5: fbb8edcc5026badec10f5ae276da190d
      size: 314
    - path: data/notebooks/Lab6.1.ipynb
      hash: md5
      md5: d5f251130cb0fd862827d4b406bb2dbb
      size: 221379
  eval_features:
    cmd: python scripts/eval_features.py data/train_test_data metrics.json
    deps:
    - path: data/train_test_data/test.pkl
      hash: md5
      md5: 21952518d8cb522cd796c4645a5d1dab
      size: 62388548
    - path: data/train_test_data/train.pkl
      hash: md5
      md5: ed8b0518eb65ab6827a72f49fda10f54
      size: 352826825
    - path: scripts/eval_features.py
      hash: md5
      md5: 1ddcdd646df7482d1643b8d6c76866c5
      size: 4058
      isexec: true
    params:
      params.yaml:
        features.categorical:
        - limited_edition
        - new
        - online_only
        - out_of_stock
        - sephora_exclusive
        - contains_refund
        - product_name
        - brand_name
        - primary_category
        - secondary_category
        features.dim_red_method: svd
        features.dim_reduction: false
        features.highlights: highlights
        features.n_components: 145
        features.numerical:
        - total_feedback_count
        - helpfulness
        - total_neg_feedback_count
        - total_pos_feedback_count
        - price_usd
        - loves_count
        - rating
        - reviews
        - child_count
        - review_length
        - exclamation_count
        - unique_word_count
        features.selected:
        - limited_edition
        - online_only
        - out_of_stock
        - sephora_exclusive
        - contains_refund
        - product_name
        - brand_name
        - primary_category
        - secondary_category
        - helpfulness
        - price_usd
        - loves_count
        - rating
        - reviews
        - review_length
        - exclamation_count
        - review_text
        - review_title
        - highlights
        - LABEL-rating
        features.text:
        - review_text
        - review_title
    outs:
    - path: data/models/best_features.json
      hash: md5
      md5: 13356ec67b28ac7815bac1325fe01e78
      size: 25
    - path: metrics.json
      hash: md5
      md5: 70ca075edfac0b980c5c1fbdd192b8ab
      size: 624
  eval_vectorization:
    cmd: python scripts/eval_vectorizations.py data/train_test_data vec_metrics.json
    deps:
    - path: data/train_test_data/test.pkl
      hash: md5
      md5: 21952518d8cb522cd796c4645a5d1dab
      size: 62388548
    - path: data/train_test_data/train.pkl
      hash: md5
      md5: ed8b0518eb65ab6827a72f49fda10f54
      size: 352826825
    - path: scripts/eval_vectorizations.py
      hash: md5
      md5: 438df7b9f69fcb73ca498df3801f28b9
      size: 3762
      isexec: true
    params:
      params.yaml:
        features.categorical:
        - limited_edition
        - new
        - online_only
        - out_of_stock
        - sephora_exclusive
        - contains_refund
        - product_name
        - brand_name
        - primary_category
        - secondary_category
        features.dim_red_method: svd
        features.dim_reduction: false
        features.highlights: highlights
        features.n_components: 145
        features.numerical:
        - total_feedback_count
        - helpfulness
        - total_neg_feedback_count
        - total_pos_feedback_count
        - price_usd
        - loves_count
        - rating
        - reviews
        - child_count
        - review_length
        - exclamation_count
        - unique_word_count
        features.selected:
        - limited_edition
        - online_only
        - out_of_stock
        - sephora_exclusive
        - contains_refund
        - product_name
        - brand_name
        - primary_category
        - secondary_category
        - helpfulness
        - price_usd
        - loves_count
        - rating
        - reviews
        - review_length
        - exclamation_count
        - review_text
        - review_title
        - highlights
        - LABEL-rating
        features.text:
        - review_text
        - review_title
    outs:
    - path: data/models/best_vec_method.json
      hash: md5
      md5: d458db9b0273b1bc65220c6ad6d4758f
      size: 35
    - path: vec_metrics.json
      hash: md5
      md5: 8172abe254c94391a24a9ee195f55e4b
      size: 228
  test_model:
    cmd: python scripts/test_model.py data/train_test_data test_metrics.json
    deps:
    - path: data/models/best_features.json
      hash: md5
      md5: 13356ec67b28ac7815bac1325fe01e78
      size: 25
    - path: data/models/best_params.json
      hash: md5
      md5: fbb8edcc5026badec10f5ae276da190d
      size: 314
    - path: data/models/best_vec_method.json
      hash: md5
      md5: d458db9b0273b1bc65220c6ad6d4758f
      size: 35
    - path: data/train_test_data/test.pkl
      hash: md5
      md5: 21952518d8cb522cd796c4645a5d1dab
      size: 62388548
    - path: data/train_test_data/train.pkl
      hash: md5
      md5: ed8b0518eb65ab6827a72f49fda10f54
      size: 352826825
    - path: scripts/test_model.py
      hash: md5
      md5: 674788d5862a7a74cf24572977b65ba5
      size: 4717
      isexec: true
    outs:
    - path: data/models/dummy_final_pipeline.pkl
      hash: md5
      md5: 017bb51761fa870f5c90a1e9e1a68b09
      size: 14049
    - path: data/models/random_forest_final_pipeline.pkl
      hash: md5
      md5: 8b12c2f5dc67879dd79671e2e05f3f6a
      size: 78198890
    - path: data/models/svm_final_pipeline.pkl
      hash: md5
      md5: f208696a6df4d586bb8ef93bcb9eab8e
      size: 5890561
    - path: test_metrics.json
      hash: md5
      md5: a8a4e3be1009f3da9ad3059cbb362a75
      size: 561
